
Microsoft Visual Studio Solution File, Format Version 12.00
# Visual Studio Version 16
VisualStudioVersion = 16.0.28803.452
MinimumVisualStudioVersion = 10.0.40219.1
Project("{FAE04EC0-301F-11D3-BF4B-00C04F79EFBC}") = "CaterUI", "CaterUI\CaterUI.csproj", "{56BBFA47-2812-4AAC-BCE7-7A8FAC6711DE}"
EndProject
Project("{FAE04EC0-301F-11D3-BF4B-00C04F79EFBC}") = "CaterBll", "CaterBll\CaterBll.csproj", "{2F44E52C-CF37-42C6-80BE-7B64153759B5}"
EndProject
Project("{FAE04EC0-301F-11D3-BF4B-00C04F79EFBC}") = "CaterDal", "CaterDal\CaterDal.csproj", "{4961B28A-7D53-4ACB-9C73-A66D693621A1}"
EndProject
Project("{FAE04EC0-301F-11D3-BF4B-00C04F79EFBC}") = "CaterModel", "CaterModel\CaterModel.csproj", "{141C0AD4-60DE-4B8C-9664-E9A7D10BEF8B}"
EndProject
Project("{FAE04EC0-301F-11D3-BF4B-00C04F79EFBC}") = "CaterCommon", "CaterCommon\CaterCommon.csproj", "{54A4964B-9D02-4A42-8554-1C5E55027032}"
EndProject
Global
	GlobalSection(SolutionConfigurationPlatforms) = preSolution
		Debug|Any CPU = Debug|Any CPU
		Release|Any CPU = Release|Any CPU
	EndGlobalSection
	GlobalSection(ProjectConfigurationPlatforms) = postSolution
		{56BBFA47-2812-4AAC-BCE7-7A8FAC6711DE}.Debug|Any CPU.ActiveCfg = Debug|Any CPU
		{56BBFA47-2812-4AAC-BCE7-7A8FAC6711DE}.Debug|Any CPU.Build.0 = Debug|Any CPU
		{56BBFA47-2812-4AAC-BCE7-7A8FAC6711DE}.Release|Any CPU.ActiveCfg = Release|Any CPU
		{56BBFA47-2812-4AAC-BCE7-7A8FAC6711DE}.Release|Any CPU.Build.0 = Release|Any CPU
		{2F44E52C-CF37-42C6-80BE-7B64153759B5}.Debug|Any CPU.ActiveCfg = Debug|Any CPU
		{2F44E52C-CF37-42C6-80BE-7B64153759B5}.Debug|Any CPU.Build.0 = Debug|Any CPU
		{2F44E52C-CF37-42C6-80BE-7B64153759B5}.Release|Any CPU.ActiveCfg = Release|Any CPU
		{2F44E52C-CF37-42C6-80BE-7B64153759B5}.Release|Any CPU.Build.0 = Release|Any CPU
		{4961B28A-7D53-4ACB-9C73-A66D693621A1}.Debug|Any CPU.ActiveCfg = Debug|Any CPU
		{4961B28A-7D53-4ACB-9C73-A66D693621A1}.Debug|Any CPU.Build.0 = Debug|Any CPU
		{4961B28A-7D53-4ACB-9C73-A66D693621A1}.Release|Any CPU.ActiveCfg = Release|Any CPU
		{4961B28A-7D53-4ACB-9C73-A66D693621A1}.Release|Any CPU.Build.0 = Release|Any CPU
		{141C0AD4-60DE-4B8C-9664-E9A7D10BEF8B}.Debug|Any CPU.ActiveCfg = Debug|Any CPU
		{141C0AD4-60DE-4B8C-9664-E9A7D10BEF8B}.Debug|Any CPU.Build.0 = Debug|Any CPU
		{141C0AD4-60DE-4B8C-9664-E9A7D10BEF8B}.Release|Any CPU.ActiveCfg = Release|Any CPU
		{141C0AD4-60DE-4B8C-9664-E9A7D10BEF8B}.Release|Any CPU.Build.0 = Release|Any CPU
		{54A4964B-9D02-4A42-8554-1C5E55027032}.Debug|Any CPU.ActiveCfg = Debug|Any CPU
		{54A4964B-9D02-4A42-8554-1C5E55027032}.Debug|Any CPU.Build.0 = Debug|Any CPU
		{54A4964B-9D02-4A42-8554-1C5E55027032}.Release|Any CPU.ActiveCfg = Release|Any CPU
		{54A4964B-9D02-4A42-8554-1C5E55027032}.Release|Any CPU.Build.0 = Release|Any CPU
	EndGlobalSection
	GlobalSection(SolutionProperties) = preSolution
		HideSolutionNode = FALSE
	EndGlobalSection
	GlobalSection(ExtensibilityGlobals) = postSolution
		SolutionGuid = {06602FAA-8C51-4356-861B-6647441D5713}
	EndGlobalSection
EndGlobal
